<?xml version="1.0" encoding="utf-8"?>
<Project ToolsVersion="4.0" xmlns="http://schemas.microsoft.com/developer/msbuild/2003">
  <ItemGroup>
    <Filter Include="Source Files">
      <UniqueIdentifier>{4FC737F1-C7A5-4376-A066-2A32D752A2FF}</UniqueIdentifier>
      <Extensions>cpp;c;cc;cxx;def;odl;idl;hpj;bat;asm;asmx</Extensions>
    </Filter>
    <Filter Include="Header Files">
      <UniqueIdentifier>{93995380-89BD-4b04-88EB-625FBE52EBFB}</UniqueIdentifier>
      <Extensions>h;hh;hpp;hxx;hm;inl;inc;xsd</Extensions>
    </Filter>
    <Filter Include="Resource Files">
      <UniqueIdentifier>{67DA6AB6-F800-4c08-8B7A-83BB121AAD01}</UniqueIdentifier>
      <Extensions>rc;ico;cur;bmp;dlg;rc2;rct;bin;rgs;gif;jpg;jpeg;jpe;resx;tiff;tif;png;wav;mfcribbon-ms</Extensions>
    </Filter>
  </ItemGroup>
  <ItemGroup>
    <ClInclude Include="Crank_Nicolson.h">
      <Filter>Header Files</Filter>
    </ClInclude>
    <ClInclude Include="AbstractScheme.h">
      <Filter>Header Files</Filter>
    </ClInclude>
    <ClInclude Include="ExplicitScheme.h">
      <Filter>Header Files</Filter>
    </ClInclude>
    <ClInclude Include="ExplicitUpwindScheme.h">
      <Filter>Header Files</Filter>
    </ClInclude>
    <ClInclude Include="FileHandler.h">
      <Filter>Header Files</Filter>
    </ClInclude>
    <ClInclude Include="Functions.h">
      <Filter>Header Files</Filter>
    </ClInclude>
    <ClInclude Include="ImplicitScheme.h">
      <Filter>Header Files</Filter>
    </ClInclude>
    <ClInclude Include="ImplicitUpwindScheme.h">
      <Filter>Header Files</Filter>
    </ClInclude>
    <ClInclude Include="Lax_Wendroff.h">
      <Filter>Header Files</Filter>
    </ClInclude>
    <ClInclude Include="LU.h">
      <Filter>Header Files</Filter>
    </ClInclude>
    <ClInclude Include="Matrix.h">
      <Filter>Header Files</Filter>
    </ClInclude>
    <ClInclude Include="Norms.h">
      <Filter>Header Files</Filter>
    </ClInclude>
    <ClInclude Include="Richtmyer_MultiStep.h">
      <Filter>Header Files</Filter>
    </ClInclude>
    <ClInclude Include="Crank_Nicolson_Thomas.h">
      <Filter>Header Files</Filter>
    </ClInclude>
    <ClInclude Include="ImplicitUpwind_Thomas.h">
      <Filter>Header Files</Filter>
    </ClInclude>
  </ItemGroup>
  <ItemGroup>
    <ClCompile Include="AbstractScheme.cpp">
      <Filter>Source Files</Filter>
    </ClCompile>
    <ClCompile Include="ExplicitScheme.cpp">
      <Filter>Source Files</Filter>
    </ClCompile>
    <ClCompile Include="ExplicitUpwindScheme.cpp">
      <Filter>Source Files</Filter>
    </ClCompile>
    <ClCompile Include="FileHandler.cpp">
      <Filter>Source Files</Filter>
    </ClCompile>
    <ClCompile Include="Functions.cpp">
      <Filter>Source Files</Filter>
    </ClCompile>
    <ClCompile Include="ImplicitScheme.cpp">
      <Filter>Source Files</Filter>
    </ClCompile>
    <ClCompile Include="ImplicitUpwindScheme.cpp">
      <Filter>Source Files</Filter>
    </ClCompile>
    <ClCompile Include="Lax_Wendroff.cpp">
      <Filter>Source Files</Filter>
    </ClCompile>
    <ClCompile Include="LU.cpp">
      <Filter>Source Files</Filter>
    </ClCompile>
    <ClCompile Include="Main.cpp">
      <Filter>Source Files</Filter>
    </ClCompile>
    <ClCompile Include="Matrix.cpp">
      <Filter>Source Files</Filter>
    </ClCompile>
    <ClCompile Include="Norms.cpp">
      <Filter>Source Files</Filter>
    </ClCompile>
    <ClCompile Include="Richtmyer_MultiStep.cpp">
      <Filter>Source Files</Filter>
    </ClCompile>
    <ClCompile Include="Crank_Nicolson.cpp">
      <Filter>Source Files</Filter>
    </ClCompile>
    <ClCompile Include="Crank_Nicolson_Thomas.cpp">
      <Filter>Source Files</Filter>
    </ClCompile>
    <ClCompile Include="ImplicitUpwind_Thomas.cpp">
      <Filter>Source Files</Filter>
    </ClCompile>
  </ItemGroup>
</Project>